// !$*UTF8*$!
{
	archiveVersion = 1;
	classes = {
	};
	objectVersion = 46;
	objects = {

/* Begin PBXBuildFile section */
		A6DC055F6C7B2F362AE5FBFE /* Pods_VKClone.framework in Frameworks */ = {isa = PBXBuildFile; fileRef = 20695681D17468352F9D5034 /* Pods_VKClone.framework */; };
		AB056EE31CB28A05007B7E7A /* GestureRecognizer.swift in Sources */ = {isa = PBXBuildFile; fileRef = AB056EE21CB28A05007B7E7A /* GestureRecognizer.swift */; };
		AB3747291C933E3500C69E58 /* AppDelegate.swift in Sources */ = {isa = PBXBuildFile; fileRef = AB3747281C933E3500C69E58 /* AppDelegate.swift */; };
		AB37472E1C933E3500C69E58 /* Main.storyboard in Resources */ = {isa = PBXBuildFile; fileRef = AB37472C1C933E3500C69E58 /* Main.storyboard */; };
		AB3747301C933E3500C69E58 /* Assets.xcassets in Resources */ = {isa = PBXBuildFile; fileRef = AB37472F1C933E3500C69E58 /* Assets.xcassets */; };
		AB3747331C933E3500C69E58 /* LaunchScreen.storyboard in Resources */ = {isa = PBXBuildFile; fileRef = AB3747311C933E3500C69E58 /* LaunchScreen.storyboard */; };
		AB37473B1C94868000C69E58 /* FeedViewController.swift in Sources */ = {isa = PBXBuildFile; fileRef = AB37473A1C94868000C69E58 /* FeedViewController.swift */; };
		AB37473D1C9486D100C69E58 /* AuthViewController.swift in Sources */ = {isa = PBXBuildFile; fileRef = AB37473C1C9486D100C69E58 /* AuthViewController.swift */; };
		AB37473F1C98157700C69E58 /* LoginViewController.swift in Sources */ = {isa = PBXBuildFile; fileRef = AB37473E1C98157700C69E58 /* LoginViewController.swift */; };
		AB3747421C98259700C69E58 /* MATextFieldCell.swift in Sources */ = {isa = PBXBuildFile; fileRef = AB3747411C98259700C69E58 /* MATextFieldCell.swift */; };
		AB4751A61C997128001B88B6 /* ForgetPswdViewController.swift in Sources */ = {isa = PBXBuildFile; fileRef = AB4751A51C997128001B88B6 /* ForgetPswdViewController.swift */; };
		AB900F521CAE56910013858E /* ReadMoreTextView.swift in Sources */ = {isa = PBXBuildFile; fileRef = AB900F511CAE56910013858E /* ReadMoreTextView.swift */; };
		ABAE09091C999A1B00E8A4D6 /* CountryCodesViewController.swift in Sources */ = {isa = PBXBuildFile; fileRef = ABAE09081C999A1B00E8A4D6 /* CountryCodesViewController.swift */; };
		ABAE090B1C999E6500E8A4D6 /* countries.json in Resources */ = {isa = PBXBuildFile; fileRef = ABAE090A1C999E6500E8A4D6 /* countries.json */; };
		ABAE090D1C9AFD0000E8A4D6 /* SwiftNotice.swift in Sources */ = {isa = PBXBuildFile; fileRef = ABAE090C1C9AFD0000E8A4D6 /* SwiftNotice.swift */; };
		ABAE09131C9C3CA000E8A4D6 /* Extensions.swift in Sources */ = {isa = PBXBuildFile; fileRef = ABAE09121C9C3CA000E8A4D6 /* Extensions.swift */; };
		ABAE09151C9C4A8C00E8A4D6 /* VKAPI.swift in Sources */ = {isa = PBXBuildFile; fileRef = ABAE09141C9C4A8C00E8A4D6 /* VKAPI.swift */; };
		ABAE091B1CA1683800E8A4D6 /* PostCell.swift in Sources */ = {isa = PBXBuildFile; fileRef = ABAE091A1CA1683800E8A4D6 /* PostCell.swift */; };
/* End PBXBuildFile section */

/* Begin PBXFileReference section */
		20695681D17468352F9D5034 /* Pods_VKClone.framework */ = {isa = PBXFileReference; explicitFileType = wrapper.framework; includeInIndex = 0; path = Pods_VKClone.framework; sourceTree = BUILT_PRODUCTS_DIR; };
		653D83C079D8D1988A35734A /* Pods-VKClone.debug.xcconfig */ = {isa = PBXFileReference; includeInIndex = 1; lastKnownFileType = text.xcconfig; name = "Pods-VKClone.debug.xcconfig"; path = "Pods/Target Support Files/Pods-VKClone/Pods-VKClone.debug.xcconfig"; sourceTree = "<group>"; };
		A0C359A306D8E8354923B450 /* Pods-VKClone.release.xcconfig */ = {isa = PBXFileReference; includeInIndex = 1; lastKnownFileType = text.xcconfig; name = "Pods-VKClone.release.xcconfig"; path = "Pods/Target Support Files/Pods-VKClone/Pods-VKClone.release.xcconfig"; sourceTree = "<group>"; };
		AB056EE21CB28A05007B7E7A /* GestureRecognizer.swift */ = {isa = PBXFileReference; fileEncoding = 4; lastKnownFileType = sourcecode.swift; path = GestureRecognizer.swift; sourceTree = "<group>"; };
		AB3747251C933E3400C69E58 /* VKClone.app */ = {isa = PBXFileReference; explicitFileType = wrapper.application; includeInIndex = 0; path = VKClone.app; sourceTree = BUILT_PRODUCTS_DIR; };
		AB3747281C933E3500C69E58 /* AppDelegate.swift */ = {isa = PBXFileReference; lastKnownFileType = sourcecode.swift; path = AppDelegate.swift; sourceTree = "<group>"; };
		AB37472D1C933E3500C69E58 /* Base */ = {isa = PBXFileReference; lastKnownFileType = file.storyboard; name = Base; path = Base.lproj/Main.storyboard; sourceTree = "<group>"; };
		AB37472F1C933E3500C69E58 /* Assets.xcassets */ = {isa = PBXFileReference; lastKnownFileType = folder.assetcatalog; path = Assets.xcassets; sourceTree = "<group>"; };
		AB3747321C933E3500C69E58 /* Base */ = {isa = PBXFileReference; lastKnownFileType = file.storyboard; name = Base; path = Base.lproj/LaunchScreen.storyboard; sourceTree = "<group>"; };
		AB3747341C933E3500C69E58 /* Info.plist */ = {isa = PBXFileReference; lastKnownFileType = text.plist.xml; path = Info.plist; sourceTree = "<group>"; };
		AB37473A1C94868000C69E58 /* FeedViewController.swift */ = {isa = PBXFileReference; fileEncoding = 4; lastKnownFileType = sourcecode.swift; path = FeedViewController.swift; sourceTree = "<group>"; };
		AB37473C1C9486D100C69E58 /* AuthViewController.swift */ = {isa = PBXFileReference; fileEncoding = 4; lastKnownFileType = sourcecode.swift; path = AuthViewController.swift; sourceTree = "<group>"; };
		AB37473E1C98157700C69E58 /* LoginViewController.swift */ = {isa = PBXFileReference; fileEncoding = 4; lastKnownFileType = sourcecode.swift; path = LoginViewController.swift; sourceTree = "<group>"; };
		AB3747411C98259700C69E58 /* MATextFieldCell.swift */ = {isa = PBXFileReference; fileEncoding = 4; lastKnownFileType = sourcecode.swift; path = MATextFieldCell.swift; sourceTree = "<group>"; };
		AB4751A51C997128001B88B6 /* ForgetPswdViewController.swift */ = {isa = PBXFileReference; fileEncoding = 4; lastKnownFileType = sourcecode.swift; path = ForgetPswdViewController.swift; sourceTree = "<group>"; };
		AB900F511CAE56910013858E /* ReadMoreTextView.swift */ = {isa = PBXFileReference; fileEncoding = 4; lastKnownFileType = sourcecode.swift; path = ReadMoreTextView.swift; sourceTree = "<group>"; };
		ABAE09081C999A1B00E8A4D6 /* CountryCodesViewController.swift */ = {isa = PBXFileReference; fileEncoding = 4; lastKnownFileType = sourcecode.swift; path = CountryCodesViewController.swift; sourceTree = "<group>"; };
		ABAE090A1C999E6500E8A4D6 /* countries.json */ = {isa = PBXFileReference; fileEncoding = 4; lastKnownFileType = text.json; path = countries.json; sourceTree = "<group>"; };
		ABAE090C1C9AFD0000E8A4D6 /* SwiftNotice.swift */ = {isa = PBXFileReference; fileEncoding = 4; lastKnownFileType = sourcecode.swift; path = SwiftNotice.swift; sourceTree = "<group>"; };
		ABAE090E1C9C2A4700E8A4D6 /* VKClone-Bridging-Header.h */ = {isa = PBXFileReference; lastKnownFileType = sourcecode.c.h; path = "VKClone-Bridging-Header.h"; sourceTree = "<group>"; };
		ABAE09121C9C3CA000E8A4D6 /* Extensions.swift */ = {isa = PBXFileReference; fileEncoding = 4; lastKnownFileType = sourcecode.swift; path = Extensions.swift; sourceTree = "<group>"; };
		ABAE09141C9C4A8C00E8A4D6 /* VKAPI.swift */ = {isa = PBXFileReference; fileEncoding = 4; lastKnownFileType = sourcecode.swift; path = VKAPI.swift; sourceTree = "<group>"; };
		ABAE091A1CA1683800E8A4D6 /* PostCell.swift */ = {isa = PBXFileReference; fileEncoding = 4; lastKnownFileType = sourcecode.swift; path = PostCell.swift; sourceTree = "<group>"; };
/* End PBXFileReference section */

/* Begin PBXFrameworksBuildPhase section */
		AB3747221C933E3400C69E58 /* Frameworks */ = {
			isa = PBXFrameworksBuildPhase;
			buildActionMask = 2147483647;
			files = (
				A6DC055F6C7B2F362AE5FBFE /* Pods_VKClone.framework in Frameworks */,
			);
			runOnlyForDeploymentPostprocessing = 0;
		};
/* End PBXFrameworksBuildPhase section */

/* Begin PBXGroup section */
		3200E8C660841A7B9765F6B9 /* Frameworks */ = {
			isa = PBXGroup;
			children = (
				20695681D17468352F9D5034 /* Pods_VKClone.framework */,
			);
			name = Frameworks;
			sourceTree = "<group>";
		};
		AB37471C1C933E3400C69E58 = {
			isa = PBXGroup;
			children = (
				AB3747271C933E3400C69E58 /* VKClone */,
				AB3747261C933E3400C69E58 /* Products */,
				E7C57F9B087E113AE8AC66EA /* Pods */,
				3200E8C660841A7B9765F6B9 /* Frameworks */,
			);
			sourceTree = "<group>";
		};
		AB3747261C933E3400C69E58 /* Products */ = {
			isa = PBXGroup;
			children = (
				AB3747251C933E3400C69E58 /* VKClone.app */,
			);
			name = Products;
			sourceTree = "<group>";
		};
		AB3747271C933E3400C69E58 /* VKClone */ = {
			isa = PBXGroup;
			children = (
				AB3747281C933E3500C69E58 /* AppDelegate.swift */,
				AB37473C1C9486D100C69E58 /* AuthViewController.swift */,
				AB37473E1C98157700C69E58 /* LoginViewController.swift */,
				AB4751A51C997128001B88B6 /* ForgetPswdViewController.swift */,
				ABAE09081C999A1B00E8A4D6 /* CountryCodesViewController.swift */,
				AB37473A1C94868000C69E58 /* FeedViewController.swift */,
				ABAE091A1CA1683800E8A4D6 /* PostCell.swift */,
				AB3747401C98254D00C69E58 /* Supporting */,
				AB37472C1C933E3500C69E58 /* Main.storyboard */,
				AB37472F1C933E3500C69E58 /* Assets.xcassets */,
				AB3747311C933E3500C69E58 /* LaunchScreen.storyboard */,
				AB3747341C933E3500C69E58 /* Info.plist */,
				ABAE090E1C9C2A4700E8A4D6 /* VKClone-Bridging-Header.h */,
			);
			path = VKClone;
			sourceTree = "<group>";
		};
		AB3747401C98254D00C69E58 /* Supporting */ = {
			isa = PBXGroup;
			children = (
				ABAE090A1C999E6500E8A4D6 /* countries.json */,
				AB3747411C98259700C69E58 /* MATextFieldCell.swift */,
				ABAE090C1C9AFD0000E8A4D6 /* SwiftNotice.swift */,
				AB900F511CAE56910013858E /* ReadMoreTextView.swift */,
				AB056EE21CB28A05007B7E7A /* GestureRecognizer.swift */,
				ABAE09121C9C3CA000E8A4D6 /* Extensions.swift */,
				ABAE09141C9C4A8C00E8A4D6 /* VKAPI.swift */,
			);
			name = Supporting;
			sourceTree = "<group>";
		};
		E7C57F9B087E113AE8AC66EA /* Pods */ = {
			isa = PBXGroup;
			children = (
				653D83C079D8D1988A35734A /* Pods-VKClone.debug.xcconfig */,
				A0C359A306D8E8354923B450 /* Pods-VKClone.release.xcconfig */,
			);
			name = Pods;
			sourceTree = "<group>";
		};
/* End PBXGroup section */

/* Begin PBXNativeTarget section */
		AB3747241C933E3400C69E58 /* VKClone */ = {
			isa = PBXNativeTarget;
			buildConfigurationList = AB3747371C933E3500C69E58 /* Build configuration list for PBXNativeTarget "VKClone" */;
			buildPhases = (
				60166EA423C121E33393BCC9 /* Check Pods Manifest.lock */,
				AB3747211C933E3400C69E58 /* Sources */,
				AB3747221C933E3400C69E58 /* Frameworks */,
				AB3747231C933E3400C69E58 /* Resources */,
				515CBE53789A7B0D89848A99 /* Embed Pods Frameworks */,
				0E1E761D763748F1C86287EA /* Copy Pods Resources */,
			);
			buildRules = (
			);
			dependencies = (
			);
			name = VKClone;
			productName = VKClone;
			productReference = AB3747251C933E3400C69E58 /* VKClone.app */;
			productType = "com.apple.product-type.application";
		};
/* End PBXNativeTarget section */

/* Begin PBXProject section */
		AB37471D1C933E3400C69E58 /* Project object */ = {
			isa = PBXProject;
			attributes = {
				LastSwiftUpdateCheck = 0720;
				LastUpgradeCheck = 0720;
				ORGANIZATIONNAME = "Alexander Blokhin";
				TargetAttributes = {
					AB3747241C933E3400C69E58 = {
						CreatedOnToolsVersion = 7.2.1;
					};
				};
			};
			buildConfigurationList = AB3747201C933E3400C69E58 /* Build configuration list for PBXProject "VKClone" */;
			compatibilityVersion = "Xcode 3.2";
			developmentRegion = English;
			hasScannedForEncodings = 0;
			knownRegions = (
				en,
				Base,
			);
			mainGroup = AB37471C1C933E3400C69E58;
			productRefGroup = AB3747261C933E3400C69E58 /* Products */;
			projectDirPath = "";
			projectRoot = "";
			targets = (
				AB3747241C933E3400C69E58 /* VKClone */,
			);
		};
/* End PBXProject section */

/* Begin PBXResourcesBuildPhase section */
		AB3747231C933E3400C69E58 /* Resources */ = {
			isa = PBXResourcesBuildPhase;
			buildActionMask = 2147483647;
			files = (
				AB3747331C933E3500C69E58 /* LaunchScreen.storyboard in Resources */,
				AB3747301C933E3500C69E58 /* Assets.xcassets in Resources */,
				ABAE090B1C999E6500E8A4D6 /* countries.json in Resources */,
				AB37472E1C933E3500C69E58 /* Main.storyboard in Resources */,
			);
			runOnlyForDeploymentPostprocessing = 0;
		};
/* End PBXResourcesBuildPhase section */

/* Begin PBXShellScriptBuildPhase section */
		0E1E761D763748F1C86287EA /* Copy Pods Resources */ = {
			isa = PBXShellScriptBuildPhase;
			buildActionMask = 2147483647;
			files = (
			);
			inputPaths = (
			);
			name = "Copy Pods Resources";
			outputPaths = (
			);
			runOnlyForDeploymentPostprocessing = 0;
			shellPath = /bin/sh;
			shellScript = "\"${SRCROOT}/Pods/Target Support Files/Pods-VKClone/Pods-VKClone-resources.sh\"\n";
			showEnvVarsInLog = 0;
		};
		515CBE53789A7B0D89848A99 /* Embed Pods Frameworks */ = {
			isa = PBXShellScriptBuildPhase;
			buildActionMask = 2147483647;
			files = (
			);
			inputPaths = (
			);
			name = "Embed Pods Frameworks";
			outputPaths = (
			);
			runOnlyForDeploymentPostprocessing = 0;
			shellPath = /bin/sh;
			shellScript = "\"${SRCROOT}/Pods/Target Support Files/Pods-VKClone/Pods-VKClone-frameworks.sh\"\n";
			showEnvVarsInLog = 0;
		};
		60166EA423C121E33393BCC9 /* Check Pods Manifest.lock */ = {
			isa = PBXShellScriptBuildPhase;
			buildActionMask = 2147483647;
			files = (
			);
			inputPaths = (
			);
			name = "Check Pods Manifest.lock";
			outputPaths = (
			);
			runOnlyForDeploymentPostprocessing = 0;
			shellPath = /bin/sh;
			shellScript = "diff \"${PODS_ROOT}/../Podfile.lock\" \"${PODS_ROOT}/Manifest.lock\" > /dev/null\nif [[ $? != 0 ]] ; then\n    cat << EOM\nerror: The sandbox is not in sync with the Podfile.lock. Run 'pod install' or update your CocoaPods installation.\nEOM\n    exit 1\nfi\n";
			showEnvVarsInLog = 0;
		};
/* End PBXShellScriptBuildPhase section */

/* Begin PBXSourcesBuildPhase section */
		AB3747211C933E3400C69E58 /* Sources */ = {
			isa = PBXSourcesBuildPhase;
			buildActionMask = 2147483647;
			files = (
				AB37473F1C98157700C69E58 /* LoginViewController.swift in Sources */,
				ABAE09131C9C3CA000E8A4D6 /* Extensions.swift in Sources */,
				AB4751A61C997128001B88B6 /* ForgetPswdViewController.swift in Sources */,
				ABAE09151C9C4A8C00E8A4D6 /* VKAPI.swift in Sources */,
				AB3747421C98259700C69E58 /* MATextFieldCell.swift in Sources */,
				ABAE090D1C9AFD0000E8A4D6 /* SwiftNotice.swift in Sources */,
				ABAE09091C999A1B00E8A4D6 /* CountryCodesViewController.swift in Sources */,
				AB900F521CAE56910013858E /* ReadMoreTextView.swift in Sources */,
				AB37473B1C94868000C69E58 /* FeedViewController.swift in Sources */,
				ABAE091B1CA1683800E8A4D6 /* PostCell.swift in Sources */,
				AB37473D1C9486D100C69E58 /* AuthViewController.swift in Sources */,
				AB3747291C933E3500C69E58 /* AppDelegate.swift in Sources */,
				AB056EE31CB28A05007B7E7A /* GestureRecognizer.swift in Sources */,
			);
			runOnlyForDeploymentPostprocessing = 0;
		};
/* End PBXSourcesBuildPhase section */

/* Begin PBXVariantGroup section */
		AB37472C1C933E3500C69E58 /* Main.storyboard */ = {
			isa = PBXVariantGroup;
			children = (
				AB37472D1C933E3500C69E58 /* Base */,
			);
			name = Main.storyboard;
			sourceTree = "<group>";
		};
		AB3747311C933E3500C69E58 /* LaunchScreen.storyboard */ = {
			isa = PBXVariantGroup;
			children = (
				AB3747321C933E3500C69E58 /* Base */,
			);
			name = LaunchScreen.storyboard;
			sourceTree = "<group>";
		};
/* End PBXVariantGroup section */

/* Begin XCBuildConfiguration section */
		AB3747351C933E3500C69E58 /* Debug */ = {
			isa = XCBuildConfiguration;
			buildSettings = {
				ALWAYS_SEARCH_USER_PATHS = NO;
				CLANG_CXX_LANGUAGE_STANDARD = "gnu++0x";
				CLANG_CXX_LIBRARY = "libc++";
				CLANG_ENABLE_MODULES = YES;
				CLANG_ENABLE_OBJC_ARC = YES;
				CLANG_WARN_BOOL_CONVERSION = YES;
				CLANG_WARN_CONSTANT_CONVERSION = YES;
				CLANG_WARN_DIRECT_OBJC_ISA_USAGE = YES_ERROR;
				CLANG_WARN_EMPTY_BODY = YES;
				CLANG_WARN_ENUM_CONVERSION = YES;
				CLANG_WARN_INT_CONVERSION = YES;
				CLANG_WARN_OBJC_ROOT_CLASS = YES_ERROR;
				CLANG_WARN_UNREACHABLE_CODE = YES;
				CLANG_WARN__DUPLICATE_METHOD_MATCH = YES;
				"CODE_SIGN_IDENTITY[sdk=iphoneos*]" = "iPhone Developer";
				COPY_PHASE_STRIP = NO;
				DEBUG_INFORMATION_FORMAT = dwarf;
				ENABLE_STRICT_OBJC_MSGSEND = YES;
				ENABLE_TESTABILITY = YES;
				GCC_C_LANGUAGE_STANDARD = gnu99;
				GCC_DYNAMIC_NO_PIC = NO;
				GCC_NO_COMMON_BLOCKS = YES;
				GCC_OPTIMIZATION_LEVEL = 0;
				GCC_PREPROCESSOR_DEFINITIONS = (
					"DEBUG=1",
					"$(inherited)",
				);
				GCC_WARN_64_TO_32_BIT_CONVERSION = YES;
				GCC_WARN_ABOUT_RETURN_TYPE = YES_ERROR;
				GCC_WARN_UNDECLARED_SELECTOR = YES;
				GCC_WARN_UNINITIALIZED_AUTOS = YES_AGGRESSIVE;
				GCC_WARN_UNUSED_FUNCTION = YES;
				GCC_WARN_UNUSED_VARIABLE = YES;
				IPHONEOS_DEPLOYMENT_TARGET = 9.2;
				MTL_ENABLE_DEBUG_INFO = YES;
				ONLY_ACTIVE_ARCH = YES;
				SDKROOT = iphoneos;
				SWIFT_OPTIMIZATION_LEVEL = "-Onone";
			};
			name = Debug;
		};
		AB3747361C933E3500C69E58 /* Release */ = {
			isa = XCBuildConfiguration;
			buildSettings = {
				ALWAYS_SEARCH_USER_PATHS = NO;
				CLANG_CXX_LANGUAGE_STANDARD = "gnu++0x";
				CLANG_CXX_LIBRARY = "libc++";
				CLANG_ENABLE_MODULES = YES;
				CLANG_ENABLE_OBJC_ARC = YES;
				CLANG_WARN_BOOL_CONVERSION = YES;
				CLANG_WARN_CONSTANT_CONVERSION = YES;
				CLANG_WARN_DIRECT_OBJC_ISA_USAGE = YES_ERROR;
				CLANG_WARN_EMPTY_BODY = YES;
				CLANG_WARN_ENUM_CONVERSION = YES;
				CLANG_WARN_INT_CONVERSION = YES;
				CLANG_WARN_OBJC_ROOT_CLASS = YES_ERROR;
				CLANG_WARN_UNREACHABLE_CODE = YES;
				CLANG_WARN__DUPLICATE_METHOD_MATCH = YES;
				"CODE_SIGN_IDENTITY[sdk=iphoneos*]" = "iPhone Developer";
				COPY_PHASE_STRIP = NO;
				DEBUG_INFORMATION_FORMAT = "dwarf-with-dsym";
				ENABLE_NS_ASSERTIONS = NO;
				ENABLE_STRICT_OBJC_MSGSEND = YES;
				GCC_C_LANGUAGE_STANDARD = gnu99;
				GCC_NO_COMMON_BLOCKS = YES;
				GCC_WARN_64_TO_32_BIT_CONVERSION = YES;
				GCC_WARN_ABOUT_RETURN_TYPE = YES_ERROR;
				GCC_WARN_UNDECLARED_SELECTOR = YES;
				GCC_WARN_UNINITIALIZED_AUTOS = YES_AGGRESSIVE;
				GCC_WARN_UNUSED_FUNCTION = YES;
				GCC_WARN_UNUSED_VARIABLE = YES;
				IPHONEOS_DEPLOYMENT_TARGET = 9.2;
				MTL_ENABLE_DEBUG_INFO = NO;
				SDKROOT = iphoneos;
				VALIDATE_PRODUCT = YES;
			};
			name = Release;
		};
		AB3747381C933E3500C69E58 /* Debug */ = {
			isa = XCBuildConfiguration;
			baseConfigurationReference = 653D83C079D8D1988A35734A /* Pods-VKClone.debug.xcconfig */;
			buildSettings = {
				ASSETCATALOG_COMPILER_APPICON_NAME = AppIcon;
				CLANG_ENABLE_MODULES = YES;
				INFOPLIST_FILE = VKClone/Info.plist;
				LD_RUNPATH_SEARCH_PATHS = "$(inherited) @executable_path/Frameworks";
				PRODUCT_BUNDLE_IDENTIFIER = com.jampps.VKClone;
				PRODUCT_NAME = "$(TARGET_NAME)";
				SWIFT_OBJC_BRIDGING_HEADER = "VKClone/VKClone-Bridging-Header.h";
				SWIFT_OPTIMIZATION_LEVEL = "-Onone";
			};
			name = Debug;
		};
		AB3747391C933E3500C69E58 /* Release */ = {
			isa = XCBuildConfiguration;
			baseConfigurationReference = A0C359A306D8E8354923B450 /* Pods-VKClone.release.xcconfig */;
			buildSettings = {
				ASSETCATALOG_COMPILER_APPICON_NAME = AppIcon;
				CLANG_ENABLE_MODULES = YES;
				INFOPLIST_FILE = VKClone/Info.plist;
				LD_RUNPATH_SEARCH_PATHS = "$(inherited) @executable_path/Frameworks";
				PRODUCT_BUNDLE_IDENTIFIER = com.jampps.VKClone;
				PRODUCT_NAME = "$(TARGET_NAME)";
				SWIFT_OBJC_BRIDGING_HEADER = "VKClone/VKClone-Bridging-Header.h";
			};
			name = Release;
		};
/* End XCBuildConfiguration section */

/* Begin XCConfigurationList section */
		AB3747201C933E3400C69E58 /* Build configuration list for PBXProject "VKClone" */ = {
			isa = XCConfigurationList;
			buildConfigurations = (
				AB3747351C933E3500C69E58 /* Debug */,
				AB3747361C933E3500C69E58 /* Release */,
			);
			defaultConfigurationIsVisible = 0;
			defaultConfigurationName = Release;
		};
		AB3747371C933E3500C69E58 /* Build configuration list for PBXNativeTarget "VKClone" */ = {
			isa = XCConfigurationList;
			buildConfigurations = (
				AB3747381C933E3500C69E58 /* Debug */,
				AB3747391C933E3500C69E58 /* Release */,
			);
			defaultConfigurationIsVisible = 0;
			defaultConfigurationName = Release;
		};
/* End XCConfigurationList section */
	};
	rootObject = AB37471D1C933E3400C69E58 /* Project object */;
}
